
Microsoft Visual Studio Solution File, Format Version 12.00
Project("{FAE04EC0-301F-11D3-BF4B-00C04F79EFBC}") = "UtmBuilder.Core", "UtmBuilder.Core\UtmBuilder.Core.csproj", "{08BE7392-3D66-43D9-A315-0F836A0599C5}"
EndProject
Project("{FAE04EC0-301F-11D3-BF4B-00C04F79EFBC}") = "UtmBuilder.Tests", "UtmBuilder.Tests\UtmBuilder.Tests.csproj", "{637016C2-01B8-4D16-955F-98242F01ED9B}"
EndProject
Global
	GlobalSection(SolutionConfigurationPlatforms) = preSolution
		Debug|Any CPU = Debug|Any CPU
		Release|Any CPU = Release|Any CPU
	EndGlobalSection
	GlobalSection(ProjectConfigurationPlatforms) = postSolution
		{08BE7392-3D66-43D9-A315-0F836A0599C5}.Debug|Any CPU.ActiveCfg = Debug|Any CPU
		{08BE7392-3D66-43D9-A315-0F836A0599C5}.Debug|Any CPU.Build.0 = Debug|Any CPU
		{08BE7392-3D66-43D9-A315-0F836A0599C5}.Release|Any CPU.ActiveCfg = Release|Any CPU
		{08BE7392-3D66-43D9-A315-0F836A0599C5}.Release|Any CPU.Build.0 = Release|Any CPU
		{637016C2-01B8-4D16-955F-98242F01ED9B}.Debug|Any CPU.ActiveCfg = Debug|Any CPU
		{637016C2-01B8-4D16-955F-98242F01ED9B}.Debug|Any CPU.Build.0 = Debug|Any CPU
		{637016C2-01B8-4D16-955F-98242F01ED9B}.Release|Any CPU.ActiveCfg = Release|Any CPU
		{637016C2-01B8-4D16-955F-98242F01ED9B}.Release|Any CPU.Build.0 = Release|Any CPU
	EndGlobalSection
EndGlobal
